
Microsoft Visual Studio Solution File, Format Version 12.00
# Visual Studio 15
VisualStudioVersion = 15.0.28306.52
MinimumVisualStudioVersion = 10.0.40219.1
Project("{FAE04EC0-301F-11D3-BF4B-00C04F79EFBC}") = "Fuse8_TestWork_Ignatuk", "Fuse8_TestWork_Ignatuk\Fuse8_TestWork_Ignatuk.csproj", "{617CB435-11AC-4E71-81A3-51DCD10890E2}"
EndProject
Global
	GlobalSection(SolutionConfigurationPlatforms) = preSolution
		Debug|Any CPU = Debug|Any CPU
		Release|Any CPU = Release|Any CPU
	EndGlobalSection
	GlobalSection(ProjectConfigurationPlatforms) = postSolution
		{617CB435-11AC-4E71-81A3-51DCD10890E2}.Debug|Any CPU.ActiveCfg = Debug|Any CPU
		{617CB435-11AC-4E71-81A3-51DCD10890E2}.Debug|Any CPU.Build.0 = Debug|Any CPU
		{617CB435-11AC-4E71-81A3-51DCD10890E2}.Release|Any CPU.ActiveCfg = Release|Any CPU
		{617CB435-11AC-4E71-81A3-51DCD10890E2}.Release|Any CPU.Build.0 = Release|Any CPU
	EndGlobalSection
	GlobalSection(SolutionProperties) = preSolution
		HideSolutionNode = FALSE
	EndGlobalSection
	GlobalSection(ExtensibilityGlobals) = postSolution
		SolutionGuid = {4D690A72-CAEE-48D6-A8E4-9EE1DC733DDB}
	EndGlobalSection
EndGlobal
